{
    "_readme": [
        "This file locks the dependencies of your project to a known state",
        "Read more about it at https://getcomposer.org/doc/01-basic-usage.md#installing-dependencies",
        "This file is @generated automatically"
    ],
    "content-hash": "187812a84ff4a08ddef36b7406610ee9",
    "packages": [
        {
            "name": "campo/random-user-agent",
            "version": "1.2.0",
            "source": {
                "type": "git",
                "url": "https://github.com/joecampo/random-user-agent.git",
                "reference": "103b9daac05c202b6fca93523dfd9dc6178f2191"
            },
            "dist": {
                "type": "zip",
                "url": "https://api.github.com/repos/joecampo/random-user-agent/zipball/103b9daac05c202b6fca93523dfd9dc6178f2191",
                "reference": "103b9daac05c202b6fca93523dfd9dc6178f2191",
                "shasum": ""
            },
            "require": {
                "php": ">=5.3.0"
            },
            "require-dev": {
                "phpunit/phpunit": "^5.0"
            },
            "type": "library",
            "autoload": {
                "psr-4": {
                    "Campo\\": "src/"
                }
            },
            "notification-url": "https://packagist.org/downloads/",
            "license": [
                "MIT"
            ],
            "authors": [
                {
                    "name": "Joe Campo",
                    "email": "jcampo@gmail.com"
                }
            ],
            "description": "Generate real random user-agents.",
            "keywords": [
                "spoofing user",
                "user agent",
                "user agents",
                "user-agent"
            ],
            "time": "2016-11-12T21:52:27+00:00"
        },
        {
            "name": "maciejczyzewski/bottomline",
            "version": "0.0.9",
            "source": {
                "type": "git",
                "url": "https://github.com/maciejczyzewski/bottomline.git",
                "reference": "b3d6c4ec2c3eedacf4ab6337cc216149e4af3fb0"
            },
            "dist": {
                "type": "zip",
                "url": "https://api.github.com/repos/maciejczyzewski/bottomline/zipball/b3d6c4ec2c3eedacf4ab6337cc216149e4af3fb0",
                "reference": "b3d6c4ec2c3eedacf4ab6337cc216149e4af3fb0",
                "shasum": ""
            },
            "require": {
                "ext-mbstring": "*",
                "php": ">=5.4.0"
            },
            "type": "library",
            "autoload": {
                "files": [
                    "bottomline.php"
                ],
                "psr-4": {
                    "__\\": "src/"
                }
            },
            "notification-url": "https://packagist.org/downloads/",
            "license": [
                "MIT"
            ],
            "authors": [
                {
                    "name": "Maciej A. Czyzewski",
                    "email": "maciejanthonyczyzewski@gmail.com"
                }
            ],
            "description": "A full-on PHP manipulation utility-belt that provides support for the usual functional.",
            "keywords": [
                "__",
                "bottomline",
                "functions",
                "library",
                "utility"
            ],
            "time": "2017-01-05T18:24:44+00:00"
        },
        {
            "name": "paquettg/string-encode",
            "version": "0.1.1",
            "source": {
                "type": "git",
                "url": "https://github.com/paquettg/string-encoder.git",
                "reference": "cf08343649701979f581c1601d01247fa3782439"
            },
            "dist": {
                "type": "zip",
                "url": "https://api.github.com/repos/paquettg/string-encoder/zipball/cf08343649701979f581c1601d01247fa3782439",
                "reference": "cf08343649701979f581c1601d01247fa3782439",
                "shasum": ""
            },
            "require": {
                "php": ">=5.4"
            },
            "require-dev": {
                "phpunit/phpunit": "3.7.*"
            },
            "type": "library",
            "autoload": {
                "psr-0": {
                    "stringEncode": "src/"
                }
            },
            "notification-url": "https://packagist.org/downloads/",
            "license": [
                "MIT"
            ],
            "authors": [
                {
                    "name": "Gilles Paquette",
                    "email": "paquettg@gmail.com",
                    "homepage": "http://gillespaquette.ca"
                }
            ],
            "description": "Facilitating the process of altering string encoding in PHP.",
            "homepage": "https://github.com/paquettg/string-encoder",
            "keywords": [
                "charset",
                "encoding",
                "string"
            ],
            "time": "2014-05-29T18:38:09+00:00"
        },
        {
            "name": "thesoftwarefanatics/php-html-parser",
            "version": "dev-master",
            "source": {
                "type": "git",
                "url": "https://github.com/thesoftwarefanatics/php-html-parser.git",
                "reference": "402f2e5fc9b363ee5801ed9569043659a3f2f27c"
            },
            "dist": {
                "type": "zip",
                "url": "https://api.github.com/repos/thesoftwarefanatics/php-html-parser/zipball/402f2e5fc9b363ee5801ed9569043659a3f2f27c",
                "reference": "402f2e5fc9b363ee5801ed9569043659a3f2f27c",
                "shasum": ""
            },
            "require": {
                "paquettg/string-encode": "^0.1.1",
                "php": "^7.1"
            },
            "replace": {
                "paquettg/php-html-parser": "self.version"
            },
            "require-dev": {
                "mockery/mockery": "^1.0",
                "php-coveralls/php-coveralls": "^2.0",
                "phpunit/phpunit": "^6.5"
            },
            "type": "library",
            "extra": {
                "branch-alias": {
                    "dev-master": "1.8.x-dev"
                }
            },
            "autoload": {
                "psr-0": {
                    "PHPHtmlParser": "src/"
                }
            },
            "notification-url": "https://packagist.org/downloads/",
            "license": [
                "MIT"
            ],
            "authors": [
                {
                    "name": "Gilles Paquette",
                    "email": "paquettg@gmail.com",
                    "homepage": "http://gillespaquette.ca"
                },
                {
                    "name": "The Software Fanatics GmbH",
                    "email": "dev@thesoftwarefanatics.com",
                    "homepage": "https://thesoftwarefanatics.com"
                }
            ],
            "description": "An HTML DOM parser. It allows you to manipulate HTML. Find tags on an HTML page with selectors just like jQuery.",
            "homepage": "https://github.com/thesoftwarefanatics/php-html-parser",
            "keywords": [
                "dom",
                "html",
                "parser"
            ],
            "time": "2018-03-26T04:37:23+00:00"
        }
    ],
    "packages-dev": [
        {
            "name": "kahlan/kahlan",
            "version": "dev-master",
            "source": {
                "type": "git",
                "url": "https://github.com/kahlan/kahlan.git",
                "reference": "8e5780f5c52f57f5bc75126facef7923eace97bc"
            },
            "dist": {
                "type": "zip",
                "url": "https://api.github.com/repos/kahlan/kahlan/zipball/8e5780f5c52f57f5bc75126facef7923eace97bc",
                "reference": "8e5780f5c52f57f5bc75126facef7923eace97bc",
                "shasum": ""
            },
            "require": {
                "php": ">=5.5"
            },
            "require-dev": {
                "squizlabs/php_codesniffer": "^2.7"
            },
            "bin": [
                "bin/kahlan"
            ],
            "type": "library",
            "autoload": {
                "psr-4": {
                    "Kahlan\\": "src/"
                },
                "files": [
                    "src/functions.php"
                ]
            },
            "notification-url": "https://packagist.org/downloads/",
            "license": [
                "MIT"
            ],
            "authors": [
                {
                    "name": "CrysaLEAD"
                }
            ],
            "description": "The PHP Test Framework for Freedom, Truth and Justice.",
            "keywords": [
                "BDD",
                "Behavior-Driven Development",
                "Monkey Patching",
                "TDD",
                "mock",
                "stub",
                "testing",
                "unit test"
            ],
            "time": "2018-04-22T17:58:08+00:00"
        }
    ],
    "aliases": [],
    "minimum-stability": "dev",
    "stability-flags": {
        "kahlan/kahlan": 20
    },
    "prefer-stable": false,
    "prefer-lowest": false,
    "platform": [],
    "platform-dev": []
}
